Microsoft Visual Studio Solution File, Format Version 11.00
# Visual Studio 2008

Project("{D287C427-C89D-0F02-0FEC-1D7623C3A7D6}") = "SKIBALL", "Assembly-CSharp.csproj", "{39C3C61B-8012-418E-6476-DA407235108A}"
EndProject
Project("{D287C427-C89D-0F02-0FEC-1D7623C3A7D6}") = "SKIBALL", "Assembly-CSharp-Editor.csproj", "{28BA82D7-13D1-A0A7-4A67-60B28C0C791F}"
EndProject
Global
	GlobalSection(SolutionConfigurationPlatforms) = preSolution
		Debug|Any CPU = Debug|Any CPU
		Release|Any CPU = Release|Any CPU
	EndGlobalSection
	GlobalSection(ProjectConfigurationPlatforms) = postSolution
		{39C3C61B-8012-418E-6476-DA407235108A}.Debug|Any CPU.ActiveCfg = Debug|Any CPU
		{39C3C61B-8012-418E-6476-DA407235108A}.Debug|Any CPU.Build.0 = Debug|Any CPU
		{39C3C61B-8012-418E-6476-DA407235108A}.Release|Any CPU.ActiveCfg = Release|Any CPU
		{39C3C61B-8012-418E-6476-DA407235108A}.Release|Any CPU.Build.0 = Release|Any CPU
		{28BA82D7-13D1-A0A7-4A67-60B28C0C791F}.Debug|Any CPU.ActiveCfg = Debug|Any CPU
		{28BA82D7-13D1-A0A7-4A67-60B28C0C791F}.Debug|Any CPU.Build.0 = Debug|Any CPU
		{28BA82D7-13D1-A0A7-4A67-60B28C0C791F}.Release|Any CPU.ActiveCfg = Release|Any CPU
		{28BA82D7-13D1-A0A7-4A67-60B28C0C791F}.Release|Any CPU.Build.0 = Release|Any CPU
	EndGlobalSection
	GlobalSection(SolutionProperties) = preSolution
		HideSolutionNode = FALSE
	EndGlobalSection
	GlobalSection(MonoDevelopProperties) = preSolution
		StartupItem = Assembly-CSharp.csproj
	EndGlobalSection
EndGlobal
